
Microsoft Visual Studio Solution File, Format Version 12.00
# Visual Studio Version 16
VisualStudioVersion = 16.0.29509.3
MinimumVisualStudioVersion = 10.0.40219.1
Project("{9A19103F-16F7-4668-BE54-9A1E7A4F7556}") = "Sonar Sweep", "Sonar Sweep\Sonar Sweep.csproj", "{7374837A-521F-40D2-8A4E-741D038C3F66}"
EndProject
Project("{FAE04EC0-301F-11D3-BF4B-00C04F79EFBC}") = "SonarSweepTest", "SonarSweepTest\SonarSweepTest.csproj", "{0A39E773-2AE6-49E7-8C8E-876908060E5D}"
EndProject
Global
	GlobalSection(SolutionConfigurationPlatforms) = preSolution
		Debug|Any CPU = Debug|Any CPU
		Release|Any CPU = Release|Any CPU
	EndGlobalSection
	GlobalSection(ProjectConfigurationPlatforms) = postSolution
		{7374837A-521F-40D2-8A4E-741D038C3F66}.Debug|Any CPU.ActiveCfg = Debug|Any CPU
		{7374837A-521F-40D2-8A4E-741D038C3F66}.Debug|Any CPU.Build.0 = Debug|Any CPU
		{7374837A-521F-40D2-8A4E-741D038C3F66}.Release|Any CPU.ActiveCfg = Release|Any CPU
		{7374837A-521F-40D2-8A4E-741D038C3F66}.Release|Any CPU.Build.0 = Release|Any CPU
		{0A39E773-2AE6-49E7-8C8E-876908060E5D}.Debug|Any CPU.ActiveCfg = Debug|Any CPU
		{0A39E773-2AE6-49E7-8C8E-876908060E5D}.Debug|Any CPU.Build.0 = Debug|Any CPU
		{0A39E773-2AE6-49E7-8C8E-876908060E5D}.Release|Any CPU.ActiveCfg = Release|Any CPU
		{0A39E773-2AE6-49E7-8C8E-876908060E5D}.Release|Any CPU.Build.0 = Release|Any CPU
	EndGlobalSection
	GlobalSection(SolutionProperties) = preSolution
		HideSolutionNode = FALSE
	EndGlobalSection
	GlobalSection(ExtensibilityGlobals) = postSolution
		SolutionGuid = {8CD57C33-563A-46F5-9C6E-C7D666C06F2C}
	EndGlobalSection
EndGlobal
